// !$*UTF8*$!
{
	archiveVersion = 1;
	classes = {
	};
	objectVersion = 50;
	objects = {

/* Begin PBXBuildFile section */
		C53C44DE23491D5E00DB3588 /* AppDelegate.swift in Sources */ = {isa = PBXBuildFile; fileRef = C53C44DD23491D5E00DB3588 /* AppDelegate.swift */; };
		C53C44E023491D5E00DB3588 /* WebViewController.swift in Sources */ = {isa = PBXBuildFile; fileRef = C53C44DF23491D5E00DB3588 /* WebViewController.swift */; };
		C53C44E323491D5E00DB3588 /* Main.storyboard in Resources */ = {isa = PBXBuildFile; fileRef = C53C44E123491D5E00DB3588 /* Main.storyboard */; };
		C53C44E523491D6100DB3588 /* Assets.xcassets in Resources */ = {isa = PBXBuildFile; fileRef = C53C44E423491D6100DB3588 /* Assets.xcassets */; };
		C53C44E823491D6100DB3588 /* LaunchScreen.storyboard in Resources */ = {isa = PBXBuildFile; fileRef = C53C44E623491D6100DB3588 /* LaunchScreen.storyboard */; };
		C53C44F023491DB300DB3588 /* WebViewControllerDelegate.swift in Sources */ = {isa = PBXBuildFile; fileRef = C53C44EF23491DB300DB3588 /* WebViewControllerDelegate.swift */; };
		C53C44F223491E4000DB3588 /* WebViewEnums.swift in Sources */ = {isa = PBXBuildFile; fileRef = C53C44F123491E4000DB3588 /* WebViewEnums.swift */; };
		C53C44F4234920A900DB3588 /* ViewController.swift in Sources */ = {isa = PBXBuildFile; fileRef = C53C44F3234920A900DB3588 /* ViewController.swift */; };
/* End PBXBuildFile section */

/* Begin PBXFileReference section */
		C53C44DA23491D5E00DB3588 /* BestWebViewController.app */ = {isa = PBXFileReference; explicitFileType = wrapper.application; includeInIndex = 0; path = BestWebViewController.app; sourceTree = BUILT_PRODUCTS_DIR; };
		C53C44DD23491D5E00DB3588 /* AppDelegate.swift */ = {isa = PBXFileReference; lastKnownFileType = sourcecode.swift; path = AppDelegate.swift; sourceTree = "<group>"; };
		C53C44DF23491D5E00DB3588 /* WebViewController.swift */ = {isa = PBXFileReference; lastKnownFileType = sourcecode.swift; path = WebViewController.swift; sourceTree = "<group>"; };
		C53C44E223491D5E00DB3588 /* Base */ = {isa = PBXFileReference; lastKnownFileType = file.storyboard; name = Base; path = Base.lproj/Main.storyboard; sourceTree = "<group>"; };
		C53C44E423491D6100DB3588 /* Assets.xcassets */ = {isa = PBXFileReference; lastKnownFileType = folder.assetcatalog; path = Assets.xcassets; sourceTree = "<group>"; };
		C53C44E723491D6100DB3588 /* Base */ = {isa = PBXFileReference; lastKnownFileType = file.storyboard; name = Base; path = Base.lproj/LaunchScreen.storyboard; sourceTree = "<group>"; };
		C53C44E923491D6100DB3588 /* Info.plist */ = {isa = PBXFileReference; lastKnownFileType = text.plist.xml; path = Info.plist; sourceTree = "<group>"; };
		C53C44EF23491DB300DB3588 /* WebViewControllerDelegate.swift */ = {isa = PBXFileReference; lastKnownFileType = sourcecode.swift; path = WebViewControllerDelegate.swift; sourceTree = "<group>"; };
		C53C44F123491E4000DB3588 /* WebViewEnums.swift */ = {isa = PBXFileReference; lastKnownFileType = sourcecode.swift; path = WebViewEnums.swift; sourceTree = "<group>"; };
		C53C44F3234920A900DB3588 /* ViewController.swift */ = {isa = PBXFileReference; lastKnownFileType = sourcecode.swift; path = ViewController.swift; sourceTree = "<group>"; };
/* End PBXFileReference section */

/* Begin PBXFrameworksBuildPhase section */
		C53C44D723491D5E00DB3588 /* Frameworks */ = {
			isa = PBXFrameworksBuildPhase;
			buildActionMask = 2147483647;
			files = (
			);
			runOnlyForDeploymentPostprocessing = 0;
		};
/* End PBXFrameworksBuildPhase section */

/* Begin PBXGroup section */
		C53C44D123491D5E00DB3588 = {
			isa = PBXGroup;
			children = (
				C53C44DC23491D5E00DB3588 /* BestWebViewController */,
				C53C44DB23491D5E00DB3588 /* Products */,
			);
			sourceTree = "<group>";
		};
		C53C44DB23491D5E00DB3588 /* Products */ = {
			isa = PBXGroup;
			children = (
				C53C44DA23491D5E00DB3588 /* BestWebViewController.app */,
			);
			name = Products;
			sourceTree = "<group>";
		};
		C53C44DC23491D5E00DB3588 /* BestWebViewController */ = {
			isa = PBXGroup;
			children = (
				C53C44F72349292600DB3588 /* WebView */,
				C53C44DD23491D5E00DB3588 /* AppDelegate.swift */,
				C53C44F3234920A900DB3588 /* ViewController.swift */,
				C53C44E123491D5E00DB3588 /* Main.storyboard */,
				C53C44E423491D6100DB3588 /* Assets.xcassets */,
				C53C44E623491D6100DB3588 /* LaunchScreen.storyboard */,
				C53C44E923491D6100DB3588 /* Info.plist */,
			);
			path = BestWebViewController;
			sourceTree = "<group>";
		};
		C53C44F72349292600DB3588 /* WebView */ = {
			isa = PBXGroup;
			children = (
				C53C44DF23491D5E00DB3588 /* WebViewController.swift */,
				C53C44EF23491DB300DB3588 /* WebViewControllerDelegate.swift */,
				C53C44F123491E4000DB3588 /* WebViewEnums.swift */,
			);
			path = WebView;
			sourceTree = "<group>";
		};
/* End PBXGroup section */

/* Begin PBXNativeTarget section */
		C53C44D923491D5E00DB3588 /* BestWebViewController */ = {
			isa = PBXNativeTarget;
			buildConfigurationList = C53C44EC23491D6100DB3588 /* Build configuration list for PBXNativeTarget "BestWebViewController" */;
			buildPhases = (
				C53C44D623491D5E00DB3588 /* Sources */,
				C53C44D723491D5E00DB3588 /* Frameworks */,
				C53C44D823491D5E00DB3588 /* Resources */,
			);
			buildRules = (
			);
			dependencies = (
			);
			name = BestWebViewController;
			productName = BestWebViewController;
			productReference = C53C44DA23491D5E00DB3588 /* BestWebViewController.app */;
			productType = "com.apple.product-type.application";
		};
/* End PBXNativeTarget section */

/* Begin PBXProject section */
		C53C44D223491D5E00DB3588 /* Project object */ = {
			isa = PBXProject;
			attributes = {
				LastSwiftUpdateCheck = 1020;
				LastUpgradeCheck = 1020;
				ORGANIZATIONNAME = AshvinGudaliya;
				TargetAttributes = {
					C53C44D923491D5E00DB3588 = {
						CreatedOnToolsVersion = 10.2;
					};
				};
			};
			buildConfigurationList = C53C44D523491D5E00DB3588 /* Build configuration list for PBXProject "BestWebViewController" */;
			compatibilityVersion = "Xcode 9.3";
			developmentRegion = en;
			hasScannedForEncodings = 0;
			knownRegions = (
				en,
				Base,
			);
			mainGroup = C53C44D123491D5E00DB3588;
			productRefGroup = C53C44DB23491D5E00DB3588 /* Products */;
			projectDirPath = "";
			projectRoot = "";
			targets = (
				C53C44D923491D5E00DB3588 /* BestWebViewController */,
			);
		};
/* End PBXProject section */

/* Begin PBXResourcesBuildPhase section */
		C53C44D823491D5E00DB3588 /* Resources */ = {
			isa = PBXResourcesBuildPhase;
			buildActionMask = 2147483647;
			files = (
				C53C44E823491D6100DB3588 /* LaunchScreen.storyboard in Resources */,
				C53C44E523491D6100DB3588 /* Assets.xcassets in Resources */,
				C53C44E323491D5E00DB3588 /* Main.storyboard in Resources */,
			);
			runOnlyForDeploymentPostprocessing = 0;
		};
/* End PBXResourcesBuildPhase section */

/* Begin PBXSourcesBuildPhase section */
		C53C44D623491D5E00DB3588 /* Sources */ = {
			isa = PBXSourcesBuildPhase;
			buildActionMask = 2147483647;
			files = (
				C53C44F4234920A900DB3588 /* ViewController.swift in Sources */,
				C53C44E023491D5E00DB3588 /* WebViewController.swift in Sources */,
				C53C44F023491DB300DB3588 /* WebViewControllerDelegate.swift in Sources */,
				C53C44F223491E4000DB3588 /* WebViewEnums.swift in Sources */,
				C53C44DE23491D5E00DB3588 /* AppDelegate.swift in Sources */,
			);
			runOnlyForDeploymentPostprocessing = 0;
		};
/* End PBXSourcesBuildPhase section */

/* Begin PBXVariantGroup section */
		C53C44E123491D5E00DB3588 /* Main.storyboard */ = {
			isa = PBXVariantGroup;
			children = (
				C53C44E223491D5E00DB3588 /* Base */,
			);
			name = Main.storyboard;
			sourceTree = "<group>";
		};
		C53C44E623491D6100DB3588 /* LaunchScreen.storyboard */ = {
			isa = PBXVariantGroup;
			children = (
				C53C44E723491D6100DB3588 /* Base */,
			);
			name = LaunchScreen.storyboard;
			sourceTree = "<group>";
		};
/* End PBXVariantGroup section */

/* Begin XCBuildConfiguration section */
		C53C44EA23491D6100DB3588 /* Debug */ = {
			isa = XCBuildConfiguration;
			buildSettings = {
				ALWAYS_SEARCH_USER_PATHS = NO;
				CLANG_ANALYZER_NONNULL = YES;
				CLANG_ANALYZER_NUMBER_OBJECT_CONVERSION = YES_AGGRESSIVE;
				CLANG_CXX_LANGUAGE_STANDARD = "gnu++14";
				CLANG_CXX_LIBRARY = "libc++";
				CLANG_ENABLE_MODULES = YES;
				CLANG_ENABLE_OBJC_ARC = YES;
				CLANG_ENABLE_OBJC_WEAK = YES;
				CLANG_WARN_BLOCK_CAPTURE_AUTORELEASING = YES;
				CLANG_WARN_BOOL_CONVERSION = YES;
				CLANG_WARN_COMMA = YES;
				CLANG_WARN_CONSTANT_CONVERSION = YES;
				CLANG_WARN_DEPRECATED_OBJC_IMPLEMENTATIONS = YES;
				CLANG_WARN_DIRECT_OBJC_ISA_USAGE = YES_ERROR;
				CLANG_WARN_DOCUMENTATION_COMMENTS = YES;
				CLANG_WARN_EMPTY_BODY = YES;
				CLANG_WARN_ENUM_CONVERSION = YES;
				CLANG_WARN_INFINITE_RECURSION = YES;
				CLANG_WARN_INT_CONVERSION = YES;
				CLANG_WARN_NON_LITERAL_NULL_CONVERSION = YES;
				CLANG_WARN_OBJC_IMPLICIT_RETAIN_SELF = YES;
				CLANG_WARN_OBJC_LITERAL_CONVERSION = YES;
				CLANG_WARN_OBJC_ROOT_CLASS = YES_ERROR;
				CLANG_WARN_RANGE_LOOP_ANALYSIS = YES;
				CLANG_WARN_STRICT_PROTOTYPES = YES;
				CLANG_WARN_SUSPICIOUS_MOVE = YES;
				CLANG_WARN_UNGUARDED_AVAILABILITY = YES_AGGRESSIVE;
				CLANG_WARN_UNREACHABLE_CODE = YES;
				CLANG_WARN__DUPLICATE_METHOD_MATCH = YES;
				CODE_SIGN_IDENTITY = "iPhone Developer";
				COPY_PHASE_STRIP = NO;
				DEBUG_INFORMATION_FORMAT = dwarf;
				ENABLE_STRICT_OBJC_MSGSEND = YES;
				ENABLE_TESTABILITY = YES;
				GCC_C_LANGUAGE_STANDARD = gnu11;
				GCC_DYNAMIC_NO_PIC = NO;
				GCC_NO_COMMON_BLOCKS = YES;
				GCC_OPTIMIZATION_LEVEL = 0;
				GCC_PREPROCESSOR_DEFINITIONS = (
					"DEBUG=1",
					"$(inherited)",
				);
				GCC_WARN_64_TO_32_BIT_CONVERSION = YES;
				GCC_WARN_ABOUT_RETURN_TYPE = YES_ERROR;
				GCC_WARN_UNDECLARED_SELECTOR = YES;
				GCC_WARN_UNINITIALIZED_AUTOS = YES_AGGRESSIVE;
				GCC_WARN_UNUSED_FUNCTION = YES;
				GCC_WARN_UNUSED_VARIABLE = YES;
				IPHONEOS_DEPLOYMENT_TARGET = 12.2;
				MTL_ENABLE_DEBUG_INFO = INCLUDE_SOURCE;
				MTL_FAST_MATH = YES;
				ONLY_ACTIVE_ARCH = YES;
				SDKROOT = iphoneos;
				SWIFT_ACTIVE_COMPILATION_CONDITIONS = DEBUG;
				SWIFT_OPTIMIZATION_LEVEL = "-Onone";
			};
			name = Debug;
		};
		C53C44EB23491D6100DB3588 /* Release */ = {
			isa = XCBuildConfiguration;
			buildSettings = {
				ALWAYS_SEARCH_USER_PATHS = NO;
				CLANG_ANALYZER_NONNULL = YES;
				CLANG_ANALYZER_NUMBER_OBJECT_CONVERSION = YES_AGGRESSIVE;
				CLANG_CXX_LANGUAGE_STANDARD = "gnu++14";
				CLANG_CXX_LIBRARY = "libc++";
				CLANG_ENABLE_MODULES = YES;
				CLANG_ENABLE_OBJC_ARC = YES;
				CLANG_ENABLE_OBJC_WEAK = YES;
				CLANG_WARN_BLOCK_CAPTURE_AUTORELEASING = YES;
				CLANG_WARN_BOOL_CONVERSION = YES;
				CLANG_WARN_COMMA = YES;
				CLANG_WARN_CONSTANT_CONVERSION = YES;
				CLANG_WARN_DEPRECATED_OBJC_IMPLEMENTATIONS = YES;
				CLANG_WARN_DIRECT_OBJC_ISA_USAGE = YES_ERROR;
				CLANG_WARN_DOCUMENTATION_COMMENTS = YES;
				CLANG_WARN_EMPTY_BODY = YES;
				CLANG_WARN_ENUM_CONVERSION = YES;
				CLANG_WARN_INFINITE_RECURSION = YES;
				CLANG_WARN_INT_CONVERSION = YES;
				CLANG_WARN_NON_LITERAL_NULL_CONVERSION = YES;
				CLANG_WARN_OBJC_IMPLICIT_RETAIN_SELF = YES;
				CLANG_WARN_OBJC_LITERAL_CONVERSION = YES;
				CLANG_WARN_OBJC_ROOT_CLASS = YES_ERROR;
				CLANG_WARN_RANGE_LOOP_ANALYSIS = YES;
				CLANG_WARN_STRICT_PROTOTYPES = YES;
				CLANG_WARN_SUSPICIOUS_MOVE = YES;
				CLANG_WARN_UNGUARDED_AVAILABILITY = YES_AGGRESSIVE;
				CLANG_WARN_UNREACHABLE_CODE = YES;
				CLANG_WARN__DUPLICATE_METHOD_MATCH = YES;
				CODE_SIGN_IDENTITY = "iPhone Developer";
				COPY_PHASE_STRIP = NO;
				DEBUG_INFORMATION_FORMAT = "dwarf-with-dsym";
				ENABLE_NS_ASSERTIONS = NO;
				ENABLE_STRICT_OBJC_MSGSEND = YES;
				GCC_C_LANGUAGE_STANDARD = gnu11;
				GCC_NO_COMMON_BLOCKS = YES;
				GCC_WARN_64_TO_32_BIT_CONVERSION = YES;
				GCC_WARN_ABOUT_RETURN_TYPE = YES_ERROR;
				GCC_WARN_UNDECLARED_SELECTOR = YES;
				GCC_WARN_UNINITIALIZED_AUTOS = YES_AGGRESSIVE;
				GCC_WARN_UNUSED_FUNCTION = YES;
				GCC_WARN_UNUSED_VARIABLE = YES;
				IPHONEOS_DEPLOYMENT_TARGET = 12.2;
				MTL_ENABLE_DEBUG_INFO = NO;
				MTL_FAST_MATH = YES;
				SDKROOT = iphoneos;
				SWIFT_COMPILATION_MODE = wholemodule;
				SWIFT_OPTIMIZATION_LEVEL = "-O";
				VALIDATE_PRODUCT = YES;
			};
			name = Release;
		};
		C53C44ED23491D6100DB3588 /* Debug */ = {
			isa = XCBuildConfiguration;
			buildSettings = {
				ASSETCATALOG_COMPILER_APPICON_NAME = AppIcon;
				CODE_SIGN_STYLE = Automatic;
				INFOPLIST_FILE = BestWebViewController/Info.plist;
				IPHONEOS_DEPLOYMENT_TARGET = 11.0;
				LD_RUNPATH_SEARCH_PATHS = (
					"$(inherited)",
					"@executable_path/Frameworks",
				);
				PRODUCT_BUNDLE_IDENTIFIER = com.AshvinGudaliya.BestWebViewController;
				PRODUCT_NAME = "$(TARGET_NAME)";
				SWIFT_VERSION = 5.0;
				TARGETED_DEVICE_FAMILY = "1,2";
			};
			name = Debug;
		};
		C53C44EE23491D6100DB3588 /* Release */ = {
			isa = XCBuildConfiguration;
			buildSettings = {
				ASSETCATALOG_COMPILER_APPICON_NAME = AppIcon;
				CODE_SIGN_STYLE = Automatic;
				INFOPLIST_FILE = BestWebViewController/Info.plist;
				IPHONEOS_DEPLOYMENT_TARGET = 11.0;
				LD_RUNPATH_SEARCH_PATHS = (
					"$(inherited)",
					"@executable_path/Frameworks",
				);
				PRODUCT_BUNDLE_IDENTIFIER = com.AshvinGudaliya.BestWebViewController;
				PRODUCT_NAME = "$(TARGET_NAME)";
				SWIFT_VERSION = 5.0;
				TARGETED_DEVICE_FAMILY = "1,2";
			};
			name = Release;
		};
/* End XCBuildConfiguration section */

/* Begin XCConfigurationList section */
		C53C44D523491D5E00DB3588 /* Build configuration list for PBXProject "BestWebViewController" */ = {
			isa = XCConfigurationList;
			buildConfigurations = (
				C53C44EA23491D6100DB3588 /* Debug */,
				C53C44EB23491D6100DB3588 /* Release */,
			);
			defaultConfigurationIsVisible = 0;
			defaultConfigurationName = Release;
		};
		C53C44EC23491D6100DB3588 /* Build configuration list for PBXNativeTarget "BestWebViewController" */ = {
			isa = XCConfigurationList;
			buildConfigurations = (
				C53C44ED23491D6100DB3588 /* Debug */,
				C53C44EE23491D6100DB3588 /* Release */,
			);
			defaultConfigurationIsVisible = 0;
			defaultConfigurationName = Release;
		};
/* End XCConfigurationList section */
	};
	rootObject = C53C44D223491D5E00DB3588 /* Project object */;
}
